version = 1
revision = 2
requires-python = ">=3.11"

[[package]]
name = "colorama"
version = "0.4.6"
source = { registry = "https://pypi.org/simple" }
sdist = { url = "https://files.pythonhosted.org/packages/d8/53/6f443c9a4a8358a93a6792e2acffb9d9d5cb0a5cfd8802644b7b1c9a02e4/colorama-0.4.6.tar.gz", hash = "sha256:08695f5cb7ed6e0531a20572697297273c47b8cae5a63ffc6d6ed5c201be6e44", size = 27697, upload-time = "2022-10-25T02:36:22.414Z" }
wheels = [
    { url = "https://files.pythonhosted.org/packages/d1/d6/3965ed04c63042e047cb6a3e6ed1a63a35087b6a609aa3a15ed8ac56c221/colorama-0.4.6-py2.py3-none-any.whl", hash = "sha256:4f1d9991f5acc0ca119f9d443620b77f9d6b33703e51011c16baf57afb285fc6", size = 25335, upload-time = "2022-10-25T02:36:20.889Z" },
]

[[package]]
name = "ctfpow"
version = "0.1.0"
source = { editable = "." }
dependencies = [
    { name = "gmpy2" },
]

[package.dev-dependencies]
dev = [
    { name = "pytest" },
]

[package.metadata]
requires-dist = [{ name = "gmpy2", specifier = ">=2.2.1" }]

[package.metadata.requires-dev]
dev = [{ name = "pytest", specifier = ">=8.4.1" }]

[[package]]
name = "gmpy2"
version = "2.2.1"
source = { registry = "https://pypi.org/simple" }
sdist = { url = "https://files.pythonhosted.org/packages/07/bd/c6c154ce734a3e6187871b323297d8e5f3bdf9feaafc5212381538bc19e4/gmpy2-2.2.1.tar.gz", hash = "sha256:e83e07567441b78cb87544910cb3cc4fe94e7da987e93ef7622e76fb96650432", size = 234228, upload-time = "2024-07-21T05:33:00.715Z" }
wheels = [
    { url = "https://files.pythonhosted.org/packages/ac/ec/ab67751ac0c4088ed21cf9a2a7f9966bf702ca8ebfc3204879cf58c90179/gmpy2-2.2.1-cp311-cp311-macosx_10_9_x86_64.whl", hash = "sha256:98e947491c67523d3147a500f377bb64d0b115e4ab8a12d628fb324bb0e142bf", size = 880346, upload-time = "2024-07-21T05:31:25.531Z" },
    { url = "https://files.pythonhosted.org/packages/97/7c/bdc4a7a2b0e543787a9354e80fdcf846c4e9945685218cef4ca938d25594/gmpy2-2.2.1-cp311-cp311-macosx_11_0_arm64.whl", hash = "sha256:4ccd319a3a87529484167ae1391f937ac4a8724169fd5822bbb541d1eab612b0", size = 694518, upload-time = "2024-07-21T05:31:27.78Z" },
    { url = "https://files.pythonhosted.org/packages/fc/44/ea903003bb4c3af004912fb0d6488e346bd76968f11a7472a1e60dee7dd7/gmpy2-2.2.1-cp311-cp311-manylinux_2_17_i686.manylinux2014_i686.whl", hash = "sha256:827bcd433e5d62f1b732f45e6949419da4a53915d6c80a3c7a5a03d5a783a03a", size = 1653491, upload-time = "2024-07-21T05:31:29.968Z" },
    { url = "https://files.pythonhosted.org/packages/c9/70/5bce281b7cd664c04f1c9d47a37087db37b2be887bce738340e912ad86c8/gmpy2-2.2.1-cp311-cp311-manylinux_2_17_x86_64.manylinux2014_x86_64.whl", hash = "sha256:b7131231fc96f57272066295c81cbf11b3233a9471659bca29ddc90a7bde9bfa", size = 1706487, upload-time = "2024-07-21T05:31:32.476Z" },
    { url = "https://files.pythonhosted.org/packages/2a/52/1f773571f21cf0319fc33218a1b384f29de43053965c05ed32f7e6729115/gmpy2-2.2.1-cp311-cp311-musllinux_1_2_i686.whl", hash = "sha256:1cc6f2bb68ee00c20aae554e111dc781a76140e00c31e4eda5c8f2d4168ed06c", size = 1637415, upload-time = "2024-07-21T05:31:34.591Z" },
    { url = "https://files.pythonhosted.org/packages/99/4c/390daf67c221b3f4f10b5b7d9293e61e4dbd48956a38947679c5a701af27/gmpy2-2.2.1-cp311-cp311-musllinux_1_2_x86_64.whl", hash = "sha256:ae388fe46e3d20af4675451a4b6c12fc1bb08e6e0e69ee47072638be21bf42d8", size = 1657781, upload-time = "2024-07-21T05:31:36.81Z" },
    { url = "https://files.pythonhosted.org/packages/61/cd/86e47bccb3636389e29c4654a0e5ac52926d832897f2f64632639b63ffc1/gmpy2-2.2.1-cp311-cp311-win_amd64.whl", hash = "sha256:8b472ee3c123b77979374da2293ebf2c170b88212e173d64213104956d4678fb", size = 1203346, upload-time = "2024-07-21T05:31:39.344Z" },
    { url = "https://files.pythonhosted.org/packages/9a/ee/8f9f65e2bac334cfe13b3fc3f8962d5fc2858ebcf4517690d2d24afa6d0e/gmpy2-2.2.1-cp312-cp312-macosx_10_9_x86_64.whl", hash = "sha256:90d03a1be1b1ad3944013fae5250316c3f4e6aec45ecdf189a5c7422d640004d", size = 885231, upload-time = "2024-07-21T05:31:41.471Z" },
    { url = "https://files.pythonhosted.org/packages/07/1c/bf29f6bf8acd72c3cf85d04e7db1bb26dd5507ee2387770bb787bc54e2a5/gmpy2-2.2.1-cp312-cp312-macosx_11_0_arm64.whl", hash = "sha256:bd09dd43d199908c1d1d501c5de842b3bf754f99b94af5b5ef0e26e3b716d2d5", size = 696569, upload-time = "2024-07-21T05:31:43.768Z" },
    { url = "https://files.pythonhosted.org/packages/7c/cc/38d33eadeccd81b604a95b67d43c71b246793b7c441f1d7c3b41978cd1cf/gmpy2-2.2.1-cp312-cp312-manylinux_2_17_i686.manylinux2014_i686.whl", hash = "sha256:3232859fda3e96fd1aecd6235ae20476ed4506562bcdef6796a629b78bb96acd", size = 1655776, upload-time = "2024-07-21T05:31:46.272Z" },
    { url = "https://files.pythonhosted.org/packages/96/8d/d017599d6db8e9b96d6e84ea5102c33525cb71c82876b1813a2ece5d94ec/gmpy2-2.2.1-cp312-cp312-manylinux_2_17_x86_64.manylinux2014_x86_64.whl", hash = "sha256:30fba6f7cf43fb7f8474216701b5aaddfa5e6a06d560e88a67f814062934e863", size = 1707529, upload-time = "2024-07-21T05:31:48.732Z" },
    { url = "https://files.pythonhosted.org/packages/d0/93/91b4a0af23ae4216fd7ebcfd955dcbe152c5ef170598aee421310834de0a/gmpy2-2.2.1-cp312-cp312-musllinux_1_2_i686.whl", hash = "sha256:9b33cae533ede8173bc7d4bb855b388c5b636ca9f22a32c949f2eb7e0cc531b2", size = 1634195, upload-time = "2024-07-21T05:31:50.99Z" },
    { url = "https://files.pythonhosted.org/packages/d7/ba/08ee99f19424cd33d5f0f17b2184e34d2fa886eebafcd3e164ccba15d9f2/gmpy2-2.2.1-cp312-cp312-musllinux_1_2_x86_64.whl", hash = "sha256:954e7e1936c26e370ca31bbd49729ebeeb2006a8f9866b1e778ebb89add2e941", size = 1656779, upload-time = "2024-07-21T05:31:53.657Z" },
    { url = "https://files.pythonhosted.org/packages/14/e1/7b32ae2b23c8363d87b7f4bbac9abe9a1f820c2417d2e99ca3b4afd9379b/gmpy2-2.2.1-cp312-cp312-win_amd64.whl", hash = "sha256:c929870137b20d9c3f7dd97f43615b2d2c1a2470e50bafd9a5eea2e844f462e9", size = 1204668, upload-time = "2024-07-21T05:31:56.264Z" },
    { url = "https://files.pythonhosted.org/packages/7b/ab/82e4ef7e5b26e2f7bf97c2d46567f1f00cc6a442e995c0e7830025187cdf/gmpy2-2.2.1-cp313-cp313-macosx_10_9_x86_64.whl", hash = "sha256:a3859ef1706bc631ee7fbdf3ae0367da1709fae1e2538b0e1bc6c53fa3ee7ef4", size = 885100, upload-time = "2024-07-21T05:31:58.339Z" },
    { url = "https://files.pythonhosted.org/packages/b4/2d/4d6992ac765c8e5b53c3f4950369e92194d376aef2dd12c950ee9b6bcd70/gmpy2-2.2.1-cp313-cp313-macosx_11_0_arm64.whl", hash = "sha256:6468fc604d5a322fe037b8880848eef2fef7e9f843872645c4c11eef276896ad", size = 696455, upload-time = "2024-07-21T05:32:00.546Z" },
    { url = "https://files.pythonhosted.org/packages/77/be/474784ac57eac28c61cf789e55acea874f115f00757896502f50a5bcd0f0/gmpy2-2.2.1-cp313-cp313-manylinux_2_17_i686.manylinux2014_i686.whl", hash = "sha256:a845a7701217da4ff81a2e4ae8df479e904621b7953d3a6b4ca0ff139f1fa71f", size = 1655890, upload-time = "2024-07-21T05:32:03.08Z" },
    { url = "https://files.pythonhosted.org/packages/a3/03/c59a817ac599043224101dac647e712ebce400394980609646993fcc7787/gmpy2-2.2.1-cp313-cp313-manylinux_2_17_x86_64.manylinux2014_x86_64.whl", hash = "sha256:c0b1e14ef1793a1e0176e7b54b29b44c1d93cf8699ca8e4a93ed53fdd16e2c52", size = 1707719, upload-time = "2024-07-21T05:32:05.378Z" },
    { url = "https://files.pythonhosted.org/packages/24/4a/923e50787dcd7ac7caa14a1c3f15040c16bf9cad6e42d9664070b5d45e7f/gmpy2-2.2.1-cp313-cp313-musllinux_1_2_i686.whl", hash = "sha256:13b0e00170c14ed4cd1e007cc6f1bcb3417b5677d2ef964d46959a1833aa84ab", size = 1634253, upload-time = "2024-07-21T05:32:07.896Z" },
    { url = "https://files.pythonhosted.org/packages/93/39/9aa392f20f5246740529a65385d2a40b7002f1fa98cc3205e708a77da2d7/gmpy2-2.2.1-cp313-cp313-musllinux_1_2_x86_64.whl", hash = "sha256:831280e3943897ae6bf69ebd868dc6de2a46c078230b9f2a9f66b4ad793d0440", size = 1656831, upload-time = "2024-07-21T05:32:10.5Z" },
    { url = "https://files.pythonhosted.org/packages/b2/28/335bf8b4a1fc2acacda311f03cdfe87a07585754b95bae2c5331de15726b/gmpy2-2.2.1-cp313-cp313-win_amd64.whl", hash = "sha256:74235fcce8a1bee207bf8d43955cb04563f71ba8231a3bbafc6dd7869503d05c", size = 1204644, upload-time = "2024-07-21T05:32:12.972Z" },
]

[[package]]
name = "iniconfig"
version = "2.1.0"
source = { registry = "https://pypi.org/simple" }
sdist = { url = "https://files.pythonhosted.org/packages/f2/97/ebf4da567aa6827c909642694d71c9fcf53e5b504f2d96afea02718862f3/iniconfig-2.1.0.tar.gz", hash = "sha256:3abbd2e30b36733fee78f9c7f7308f2d0050e88f0087fd25c2645f63c773e1c7", size = 4793, upload-time = "2025-03-19T20:09:59.721Z" }
wheels = [
    { url = "https://files.pythonhosted.org/packages/2c/e1/e6716421ea10d38022b952c159d5161ca1193197fb744506875fbb87ea7b/iniconfig-2.1.0-py3-none-any.whl", hash = "sha256:9deba5723312380e77435581c6bf4935c94cbfab9b1ed33ef8d238ea168eb760", size = 6050, upload-time = "2025-03-19T20:10:01.071Z" },
]

[[package]]
name = "packaging"
version = "25.0"
source = { registry = "https://pypi.org/simple" }
sdist = { url = "https://files.pythonhosted.org/packages/a1/d4/1fc4078c65507b51b96ca8f8c3ba19e6a61c8253c72794544580a7b6c24d/packaging-25.0.tar.gz", hash = "sha256:d443872c98d677bf60f6a1f2f8c1cb748e8fe762d2bf9d3148b5599295b0fc4f", size = 165727, upload-time = "2025-04-19T11:48:59.673Z" }
wheels = [
    { url = "https://files.pythonhosted.org/packages/20/12/38679034af332785aac8774540895e234f4d07f7545804097de4b666afd8/packaging-25.0-py3-none-any.whl", hash = "sha256:29572ef2b1f17581046b3a2227d5c611fb25ec70ca1ba8554b24b0e69331a484", size = 66469, upload-time = "2025-04-19T11:48:57.875Z" },
]

[[package]]
name = "pluggy"
version = "1.6.0"
source = { registry = "https://pypi.org/simple" }
sdist = { url = "https://files.pythonhosted.org/packages/f9/e2/3e91f31a7d2b083fe6ef3fa267035b518369d9511ffab804f839851d2779/pluggy-1.6.0.tar.gz", hash = "sha256:7dcc130b76258d33b90f61b658791dede3486c3e6bfb003ee5c9bfb396dd22f3", size = 69412, upload-time = "2025-05-15T12:30:07.975Z" }
wheels = [
    { url = "https://files.pythonhosted.org/packages/54/20/4d324d65cc6d9205fabedc306948156824eb9f0ee1633355a8f7ec5c66bf/pluggy-1.6.0-py3-none-any.whl", hash = "sha256:e920276dd6813095e9377c0bc5566d94c932c33b27a3e3945d8389c374dd4746", size = 20538, upload-time = "2025-05-15T12:30:06.134Z" },
]

[[package]]
name = "pygments"
version = "2.19.2"
source = { registry = "https://pypi.org/simple" }
sdist = { url = "https://files.pythonhosted.org/packages/b0/77/a5b8c569bf593b0140bde72ea885a803b82086995367bf2037de0159d924/pygments-2.19.2.tar.gz", hash = "sha256:636cb2477cec7f8952536970bc533bc43743542f70392ae026374600add5b887", size = 4968631, upload-time = "2025-06-21T13:39:12.283Z" }
wheels = [
    { url = "https://files.pythonhosted.org/packages/c7/21/705964c7812476f378728bdf590ca4b771ec72385c533964653c68e86bdc/pygments-2.19.2-py3-none-any.whl", hash = "sha256:86540386c03d588bb81d44bc3928634ff26449851e99741617ecb9037ee5ec0b", size = 1225217, upload-time = "2025-06-21T13:39:07.939Z" },
]

[[package]]
name = "pytest"
version = "8.4.1"
source = { registry = "https://pypi.org/simple" }
dependencies = [
    { name = "colorama", marker = "sys_platform == 'win32'" },
    { name = "iniconfig" },
    { name = "packaging" },
    { name = "pluggy" },
    { name = "pygments" },
]
sdist = { url = "https://files.pythonhosted.org/packages/08/ba/45911d754e8eba3d5a841a5ce61a65a685ff1798421ac054f85aa8747dfb/pytest-8.4.1.tar.gz", hash = "sha256:7c67fd69174877359ed9371ec3af8a3d2b04741818c51e5e99cc1742251fa93c", size = 1517714, upload-time = "2025-06-18T05:48:06.109Z" }
wheels = [
    { url = "https://files.pythonhosted.org/packages/29/16/c8a903f4c4dffe7a12843191437d7cd8e32751d5de349d45d3fe69544e87/pytest-8.4.1-py3-none-any.whl", hash = "sha256:539c70ba6fcead8e78eebbf1115e8b589e7565830d7d006a8723f19ac8a0afb7", size = 365474, upload-time = "2025-06-18T05:48:03.955Z" },
]
